# Auto-generated by: uv run bin/mirror_images.py lock
# Do not edit manually.
version: 1
images:
  alpine/curl-http3:
    digest: sha256:b0cb55696adcaf5714958926a28ce78a5fa72f6a4aa8df2ec5b72f1cde8038e3
    target: registry.ddbuild.io/ci/nginx-datadog/mirror/alpine/curl-http3
    tag: 8.11.0
  alpine:3.19:
    digest: sha256:6baf43584bcb78f2e5847d1de515f23499913ac9f12bdf834811a3145eb11ca1
    target: registry.ddbuild.io/ci/nginx-datadog/mirror/alpine:3.19
    tag: '3.19'
  alpine:3.20.3:
    digest: sha256:1e42bbe2508154c9126d48c2b8a75420c3544343bf86fd041fb7527e017a4b4a
    target: registry.ddbuild.io/ci/nginx-datadog/mirror/alpine:3.20.3
    tag: 3.20.3
  amazonlinux:2023.3.20240219.0:
    digest: sha256:db247dc601fcaa65b35d1074f4f34c8f31552ccd185a4002ffa152965e499c61
    target: registry.ddbuild.io/ci/nginx-datadog/mirror/amazonlinux:2023.3.20240219.0
    tag: 2023.3.20240219.0
  datadog/agent:
    digest: sha256:d30172d6fd606d3e8c4396b7dd44c0015583546beee36f302702be2504b4ef3f
    target: registry.ddbuild.io/ci/nginx-datadog/mirror/datadog/agent
    tag: 7.76.2
  ealen/echo-server:latest:
    digest: sha256:ec8a6e95890df937a1eb5fafca033a32172d4f43c1fea1f302931d5f230a137f
    target: registry.ddbuild.io/ci/nginx-datadog/mirror/ealen/echo-server:latest
    tag: latest
  ghcr.io/astral-sh/uv:0.9.28:
    digest: sha256:59240a65d6b57e6c507429b45f01b8f2c7c0bbeee0fb697c41a39c6a8e3a4cfb
    target: registry.ddbuild.io/ci/nginx-datadog/mirror/ghcr.io/astral-sh/uv:0.9.28
    tag: 0.9.28
  ghcr.io/datadog/dd-apm-test-agent/ddapm-test-agent:v1.11.0:
    digest: sha256:e2cc1ef75f867229f332cbef162c77f0a53a38030ecb08a78e09d7886189326a
    target: registry.ddbuild.io/ci/nginx-datadog/mirror/ghcr.io/datadog/dd-apm-test-agent/ddapm-test-agent:v1.11.0
    tag: v1.11.0
  nginx:1.24.0:
    digest: sha256:f6daac2445b0ce70e64d77442ccf62839f3f1b4c24bf6746a857eff014e798c8
    target: registry.ddbuild.io/ci/nginx-datadog/mirror/nginx:1.24.0
    tag: 1.24.0
  nginx:1.24.0-alpine:
    digest: sha256:77e5d4a6ad906c5d3793764085706577fa705b1dc6f244ea0241c4b5e2155385
    target: registry.ddbuild.io/ci/nginx-datadog/mirror/nginx:1.24.0-alpine
    tag: 1.24.0-alpine
  nginx:1.25.0:
    digest: sha256:b997b0db9c2bc0a2fb803ced5fb9ff3a757e54903a28ada3e50412cc3ab7822f
    target: registry.ddbuild.io/ci/nginx-datadog/mirror/nginx:1.25.0
    tag: 1.25.0
  nginx:1.25.0-alpine:
    digest: sha256:2e776a66a3556f001aba13431b26e448fe8acba277bf93d2ab1a785571a46d90
    target: registry.ddbuild.io/ci/nginx-datadog/mirror/nginx:1.25.0-alpine
    tag: 1.25.0-alpine
  nginx:1.25.1:
    digest: sha256:67f9a4f10d147a6e04629340e6493c9703300ca23a2f7f3aa56fe615d75d31ca
    target: registry.ddbuild.io/ci/nginx-datadog/mirror/nginx:1.25.1
    tag: 1.25.1
  nginx:1.25.1-alpine:
    digest: sha256:647c5c83418c19eef0cddc647b9899326e3081576390c4c7baa4fce545123b6c
    target: registry.ddbuild.io/ci/nginx-datadog/mirror/nginx:1.25.1-alpine
    tag: 1.25.1-alpine
  nginx:1.25.2:
    digest: sha256:b4af4f8b6470febf45dc10f564551af682a802eda1743055a7dfc8332dffa595
    target: registry.ddbuild.io/ci/nginx-datadog/mirror/nginx:1.25.2
    tag: 1.25.2
  nginx:1.25.2-alpine:
    digest: sha256:7272a6e0f728e95c8641d219676605f3b9e4759abbdb6b39e5bbd194ce55ebaf
    target: registry.ddbuild.io/ci/nginx-datadog/mirror/nginx:1.25.2-alpine
    tag: 1.25.2-alpine
  nginx:1.25.3:
    digest: sha256:c7a6ad68be85142c7fe1089e48faa1e7c7166a194caa9180ddea66345876b9d2
    target: registry.ddbuild.io/ci/nginx-datadog/mirror/nginx:1.25.3
    tag: 1.25.3
  nginx:1.25.3-alpine:
    digest: sha256:f2802c2a9d09c7aa3ace27445dfc5656ff24355da28e7b958074a0111e3fc076
    target: registry.ddbuild.io/ci/nginx-datadog/mirror/nginx:1.25.3-alpine
    tag: 1.25.3-alpine
  nginx:1.25.4:
    digest: sha256:9ff236ed47fe39cf1f0acf349d0e5137f8b8a6fd0b46e5117a401010e56222e1
    target: registry.ddbuild.io/ci/nginx-datadog/mirror/nginx:1.25.4
    tag: 1.25.4
  nginx:1.25.4-alpine:
    digest: sha256:31bad00311cb5eeb8a6648beadcf67277a175da89989f14727420a80e2e76742
    target: registry.ddbuild.io/ci/nginx-datadog/mirror/nginx:1.25.4-alpine
    tag: 1.25.4-alpine
  nginx:1.25.5:
    digest: sha256:a484819eb60211f5299034ac80f6a681b06f89e65866ce91f356ed7c72af059c
    target: registry.ddbuild.io/ci/nginx-datadog/mirror/nginx:1.25.5
    tag: 1.25.5
  nginx:1.25.5-alpine:
    digest: sha256:516475cc129da42866742567714ddc681e5eed7b9ee0b9e9c015e464b4221a00
    target: registry.ddbuild.io/ci/nginx-datadog/mirror/nginx:1.25.5-alpine
    tag: 1.25.5-alpine
  nginx:1.26.0:
    digest: sha256:192e88a0053c178683ca139b9d9a2afb0ad986d171fae491949fe10970dd9da9
    target: registry.ddbuild.io/ci/nginx-datadog/mirror/nginx:1.26.0
    tag: 1.26.0
  nginx:1.26.0-alpine:
    digest: sha256:ef587d1eb99e991291c582bfb74f27db27f7ca2c095d4ba06cc3f7c910a0c7b3
    target: registry.ddbuild.io/ci/nginx-datadog/mirror/nginx:1.26.0-alpine
    tag: 1.26.0-alpine
  nginx:1.26.1:
    digest: sha256:0f0c707b16468ea9b6cc13a315f29d2c84b0fc53c223ee4b3e8b882506343659
    target: registry.ddbuild.io/ci/nginx-datadog/mirror/nginx:1.26.1
    tag: 1.26.1
  nginx:1.26.1-alpine:
    digest: sha256:33001975a6ea5a2b78d108b64bdc89b434e31f523d3bc641ca2a3136d9024df8
    target: registry.ddbuild.io/ci/nginx-datadog/mirror/nginx:1.26.1-alpine
    tag: 1.26.1-alpine
  nginx:1.26.2:
    digest: sha256:43a626425e38f1d80cd17303c5d44b5f5b22b8b10d0c0f1e50b047cf4e1ad5dd
    target: registry.ddbuild.io/ci/nginx-datadog/mirror/nginx:1.26.2
    tag: 1.26.2
  nginx:1.26.2-alpine:
    digest: sha256:b9e1705b69f778dca93cbbbe97d2c2562fb26cac1079cdea4e40d1dad98f14fe
    target: registry.ddbuild.io/ci/nginx-datadog/mirror/nginx:1.26.2-alpine
    tag: 1.26.2-alpine
  nginx:1.26.3:
    digest: sha256:41b194461e4bae16f9b25d68b0976ed4735b89ca625c89aad88e1c1c3b7e8860
    target: registry.ddbuild.io/ci/nginx-datadog/mirror/nginx:1.26.3
    tag: 1.26.3
  nginx:1.26.3-alpine:
    digest: sha256:1eadbb07820339e8bbfed18c771691970baee292ec4ab2558f1453d26153e22d
    target: registry.ddbuild.io/ci/nginx-datadog/mirror/nginx:1.26.3-alpine
    tag: 1.26.3-alpine
  nginx:1.27.0:
    digest: sha256:98f8ec75657d21b924fe4f69b6b9bff2f6550ea48838af479d8894a852000e40
    target: registry.ddbuild.io/ci/nginx-datadog/mirror/nginx:1.27.0
    tag: 1.27.0
  nginx:1.27.0-alpine:
    digest: sha256:208b70eefac13ee9be00e486f79c695b15cef861c680527171a27d253d834be9
    target: registry.ddbuild.io/ci/nginx-datadog/mirror/nginx:1.27.0-alpine
    tag: 1.27.0-alpine
  nginx:1.27.1:
    digest: sha256:287ff321f9e3cde74b600cc26197424404157a72043226cbbf07ee8304a2c720
    target: registry.ddbuild.io/ci/nginx-datadog/mirror/nginx:1.27.1
    tag: 1.27.1
  nginx:1.27.1-alpine:
    digest: sha256:a5127daff3d6f4606be3100a252419bfa84fd6ee5cd74d0feaca1a5068f97dcf
    target: registry.ddbuild.io/ci/nginx-datadog/mirror/nginx:1.27.1-alpine
    tag: 1.27.1-alpine
  nginx:1.27.2:
    digest: sha256:bc5eac5eafc581aeda3008b4b1f07ebba230de2f27d47767129a6a905c84f470
    target: registry.ddbuild.io/ci/nginx-datadog/mirror/nginx:1.27.2
    tag: 1.27.2
  nginx:1.27.2-alpine:
    digest: sha256:74175cf34632e88c6cfe206897cbfe2d2fecf9bf033c40e7f9775a3689e8adc7
    target: registry.ddbuild.io/ci/nginx-datadog/mirror/nginx:1.27.2-alpine
    tag: 1.27.2-alpine
  nginx:1.27.3:
    digest: sha256:bc2f6a7c8ddbccf55bdb19659ce3b0a92ca6559e86d42677a5a02ef6bda2fcef
    target: registry.ddbuild.io/ci/nginx-datadog/mirror/nginx:1.27.3
    tag: 1.27.3
  nginx:1.27.3-alpine:
    digest: sha256:814a8e88df978ade80e584cc5b333144b9372a8e3c98872d07137dbf3b44d0e4
    target: registry.ddbuild.io/ci/nginx-datadog/mirror/nginx:1.27.3-alpine
    tag: 1.27.3-alpine
  nginx:1.27.4:
    digest: sha256:09369da6b10306312cd908661320086bf87fbae1b6b0c49a1f50ba531fef2eab
    target: registry.ddbuild.io/ci/nginx-datadog/mirror/nginx:1.27.4
    tag: 1.27.4
  nginx:1.27.4-alpine:
    digest: sha256:4ff102c5d78d254a6f0da062b3cf39eaf07f01eec0927fd21e219d0af8bc0591
    target: registry.ddbuild.io/ci/nginx-datadog/mirror/nginx:1.27.4-alpine
    tag: 1.27.4-alpine
  nginx:1.27.5:
    digest: sha256:6784fb0834aa7dbbe12e3d7471e69c290df3e6ba810dc38b34ae33d3c1c05f7d
    target: registry.ddbuild.io/ci/nginx-datadog/mirror/nginx:1.27.5
    tag: 1.27.5
  nginx:1.27.5-alpine:
    digest: sha256:65645c7bb6a0661892a8b03b89d0743208a18dd2f3f17a54ef4b76fb8e2f2a10
    target: registry.ddbuild.io/ci/nginx-datadog/mirror/nginx:1.27.5-alpine
    tag: 1.27.5-alpine
  nginx:1.28.0:
    digest: sha256:552e7481ca93ffccd046aa658dbbed22caefbc09c66fa7cd247cbb90b8a5c609
    target: registry.ddbuild.io/ci/nginx-datadog/mirror/nginx:1.28.0
    tag: 1.28.0
  nginx:1.28.0-alpine:
    digest: sha256:30f1c0d78e0ad60901648be663a710bdadf19e4c10ac6782c235200619158284
    target: registry.ddbuild.io/ci/nginx-datadog/mirror/nginx:1.28.0-alpine
    tag: 1.28.0-alpine
  nginx:1.28.1:
    digest: sha256:88d42e21931edb8a4fae4c419b00e93cb69eb91eb860faffe91ea6915cf0a3cb
    target: registry.ddbuild.io/ci/nginx-datadog/mirror/nginx:1.28.1
    tag: 1.28.1
  nginx:1.28.1-alpine:
    digest: sha256:52e3ada4d978443601f286cc2f9e7b95c82aa3ad5a78ce9c6b94ce00258e68cc
    target: registry.ddbuild.io/ci/nginx-datadog/mirror/nginx:1.28.1-alpine
    tag: 1.28.1-alpine
  nginx:1.28.2:
    digest: sha256:810ad1346ec7fd3d0a246c178f2b82e73a43640c691774405adfd38a751ecce8
    target: registry.ddbuild.io/ci/nginx-datadog/mirror/nginx:1.28.2
    tag: 1.28.2
  nginx:1.28.2-alpine:
    digest: sha256:15e96e59aa3b0aada3a121296e3bce117721f42d88f5f64217ef4b18f458c6ab
    target: registry.ddbuild.io/ci/nginx-datadog/mirror/nginx:1.28.2-alpine
    tag: 1.28.2-alpine
  nginx:1.29.0:
    digest: sha256:3ab4ed065a1437cbbd45e65617b1285bdf6523c6bf56a121e00df41720e09a89
    target: registry.ddbuild.io/ci/nginx-datadog/mirror/nginx:1.29.0
    tag: 1.29.0
  nginx:1.29.0-alpine:
    digest: sha256:d67ea0d64d518b1bb04acde3b00f722ac3e9764b3209a9b0a98924ba35e4b779
    target: registry.ddbuild.io/ci/nginx-datadog/mirror/nginx:1.29.0-alpine
    tag: 1.29.0-alpine
  nginx:1.29.1:
    digest: sha256:8adbdcb969e2676478ee2c7ad333956f0c8e0e4c5a7463f4611d7a2e7a7ff5dc
    target: registry.ddbuild.io/ci/nginx-datadog/mirror/nginx:1.29.1
    tag: 1.29.1
  nginx:1.29.1-alpine:
    digest: sha256:42a516af16b852e33b7682d5ef8acbd5d13fe08fecadc7ed98605ba5e3b26ab8
    target: registry.ddbuild.io/ci/nginx-datadog/mirror/nginx:1.29.1-alpine
    tag: 1.29.1-alpine
  nginx:1.29.2:
    digest: sha256:029d4461bd98f124e531380505ceea2072418fdf28752aa73b7b273ba3048903
    target: registry.ddbuild.io/ci/nginx-datadog/mirror/nginx:1.29.2
    tag: 1.29.2
  nginx:1.29.2-alpine:
    digest: sha256:61e01287e546aac28a3f56839c136b31f590273f3b41187a36f46f6a03bbfe22
    target: registry.ddbuild.io/ci/nginx-datadog/mirror/nginx:1.29.2-alpine
    tag: 1.29.2-alpine
  nginx:1.29.3:
    digest: sha256:2f4e10193b0c4f61472245e9d26cea78e7df7af266c7e7cf5e67353ee2731b51
    target: registry.ddbuild.io/ci/nginx-datadog/mirror/nginx:1.29.3
    tag: 1.29.3
  nginx:1.29.3-alpine:
    digest: sha256:b3c656d55d7ad751196f21b7fd2e8d4da9cb430e32f646adcf92441b72f82b14
    target: registry.ddbuild.io/ci/nginx-datadog/mirror/nginx:1.29.3-alpine
    tag: 1.29.3-alpine
  nginx:1.29.4:
    digest: sha256:9dd288848f4495869f76676e419ae2d767ca99fece2ec37ec0261f9fdaab5204
    target: registry.ddbuild.io/ci/nginx-datadog/mirror/nginx:1.29.4
    tag: 1.29.4
  nginx:1.29.4-alpine:
    digest: sha256:4870c12cd2ca986de501a804b4f506ad3875a0b1874940ba0a2c7f763f1855b2
    target: registry.ddbuild.io/ci/nginx-datadog/mirror/nginx:1.29.4-alpine
    tag: 1.29.4-alpine
  nginx:1.29.5:
    digest: sha256:0236ee02dcbce00b9bd83e0f5fbc51069e7e1161bd59d99885b3ae1734f3392e
    target: registry.ddbuild.io/ci/nginx-datadog/mirror/nginx:1.29.5
    tag: 1.29.5
  nginx:1.29.5-alpine:
    digest: sha256:1d13701a5f9f3fb01aaa88cef2344d65b6b5bf6b7d9fa4cf0dca557a8d7702ba
    target: registry.ddbuild.io/ci/nginx-datadog/mirror/nginx:1.29.5-alpine
    tag: 1.29.5-alpine
  nginx:1.29.6:
    digest: sha256:bc45d248c4e1d1709321de61566eb2b64d4f0e32765239d66573666be7f13349
    target: registry.ddbuild.io/ci/nginx-datadog/mirror/nginx:1.29.6
    tag: 1.29.6
  nginx:1.29.6-alpine:
    digest: sha256:f46cb72c7df02710e693e863a983ac42f6a9579058a59a35f1ae36c9958e4ce0
    target: registry.ddbuild.io/ci/nginx-datadog/mirror/nginx:1.29.6-alpine
    tag: 1.29.6-alpine
  openresty/openresty:1.25.3.1-alpine:
    digest: sha256:2c21c754fbc25080f768b41063331f8c8400fb77603a5701b296eb4933183a71
    target: registry.ddbuild.io/ci/nginx-datadog/mirror/openresty/openresty:1.25.3.1-alpine
    tag: 1.25.3.1-alpine
  openresty/openresty:1.25.3.2-alpine:
    digest: sha256:1373cf686cc27371476c3879e2e1fa089f2171887ed0e9d4bf3dc72e3d18bb93
    target: registry.ddbuild.io/ci/nginx-datadog/mirror/openresty/openresty:1.25.3.2-alpine
    tag: 1.25.3.2-alpine
  openresty/openresty:1.27.1.1-alpine:
    digest: sha256:5f8d4b3b38e5a1eabd97ee0eacc615fab3b3cb91818ec7443e0b5a3a715fb61d
    target: registry.ddbuild.io/ci/nginx-datadog/mirror/openresty/openresty:1.27.1.1-alpine
    tag: 1.27.1.1-alpine
  openresty/openresty:1.27.1.2-alpine:
    digest: sha256:761047d688bb91fe4eb42c42a05c794c54f274ee769ad54802b2c06247e8c38c
    target: registry.ddbuild.io/ci/nginx-datadog/mirror/openresty/openresty:1.27.1.2-alpine
    tag: 1.27.1.2-alpine
  openresty/openresty:1.29.2.1-alpine:
    digest: sha256:711a9c269a6e4f4b5540fe6bdb4924bba14fc95ff16a77d6da76f89a78ad3e11
    target: registry.ddbuild.io/ci/nginx-datadog/mirror/openresty/openresty:1.29.2.1-alpine
    tag: 1.29.2.1-alpine
  python:3.14-alpine:
    digest: sha256:faee120f7885a06fcc9677922331391fa690d911c020abb9e8025ff3d908e510
    target: registry.ddbuild.io/ci/nginx-datadog/mirror/python:3.14-alpine
    tag: 3.14-alpine
  registry.k8s.io/ingress-nginx/controller:v1.10.0:
    digest: sha256:42b3f0e5d0846876b1791cd3afeb5f1cbbe4259d6f35651dcc1b5c980925379c
    target: registry.ddbuild.io/ci/nginx-datadog/mirror/registry.k8s.io/ingress-nginx/controller:v1.10.0
    tag: v1.10.0
  registry.k8s.io/ingress-nginx/controller:v1.10.1:
    digest: sha256:e24f39d3eed6bcc239a56f20098878845f62baa34b9f2be2fd2c38ce9fb0f29e
    target: registry.ddbuild.io/ci/nginx-datadog/mirror/registry.k8s.io/ingress-nginx/controller:v1.10.1
    tag: v1.10.1
  registry.k8s.io/ingress-nginx/controller:v1.10.2:
    digest: sha256:e3311b3d9671bc52d90572bcbfb7ee5b71c985d6d6cffd445c241f1e2703363c
    target: registry.ddbuild.io/ci/nginx-datadog/mirror/registry.k8s.io/ingress-nginx/controller:v1.10.2
    tag: v1.10.2
  registry.k8s.io/ingress-nginx/controller:v1.10.3:
    digest: sha256:b5a5082f8e508cc1aac1c0ef101dc2f87b63d51598a5747d81d6cf6e7ba058fd
    target: registry.ddbuild.io/ci/nginx-datadog/mirror/registry.k8s.io/ingress-nginx/controller:v1.10.3
    tag: v1.10.3
  registry.k8s.io/ingress-nginx/controller:v1.10.4:
    digest: sha256:505b9048c02dde3d6c8667bf0b52aba7b36adf7b03da34c47d5fa312d2d4c6fc
    target: registry.ddbuild.io/ci/nginx-datadog/mirror/registry.k8s.io/ingress-nginx/controller:v1.10.4
    tag: v1.10.4
  registry.k8s.io/ingress-nginx/controller:v1.10.5:
    digest: sha256:c84d11b1f7bd14ebbf49918a7f0dc01b31c0c6e757e0129520ea93453096315c
    target: registry.ddbuild.io/ci/nginx-datadog/mirror/registry.k8s.io/ingress-nginx/controller:v1.10.5
    tag: v1.10.5
  registry.k8s.io/ingress-nginx/controller:v1.10.6:
    digest: sha256:b6fbd102255edb3ba8e5421feebe14fd3e94cf53d199af9e40687f536152189c
    target: registry.ddbuild.io/ci/nginx-datadog/mirror/registry.k8s.io/ingress-nginx/controller:v1.10.6
    tag: v1.10.6
  registry.k8s.io/ingress-nginx/controller:v1.11.0:
    digest: sha256:a886e56d532d1388c77c8340261149d974370edca1093af4c97a96fb1467cb39
    target: registry.ddbuild.io/ci/nginx-datadog/mirror/registry.k8s.io/ingress-nginx/controller:v1.11.0
    tag: v1.11.0
  registry.k8s.io/ingress-nginx/controller:v1.11.1:
    digest: sha256:e6439a12b52076965928e83b7b56aae6731231677b01e81818bce7fa5c60161a
    target: registry.ddbuild.io/ci/nginx-datadog/mirror/registry.k8s.io/ingress-nginx/controller:v1.11.1
    tag: v1.11.1
  registry.k8s.io/ingress-nginx/controller:v1.11.2:
    digest: sha256:d5f8217feeac4887cb1ed21f27c2674e58be06bd8f5184cacea2a69abaf78dce
    target: registry.ddbuild.io/ci/nginx-datadog/mirror/registry.k8s.io/ingress-nginx/controller:v1.11.2
    tag: v1.11.2
  registry.k8s.io/ingress-nginx/controller:v1.11.3:
    digest: sha256:d56f135b6462cfc476447cfe564b83a45e8bb7da2774963b00d12161112270b7
    target: registry.ddbuild.io/ci/nginx-datadog/mirror/registry.k8s.io/ingress-nginx/controller:v1.11.3
    tag: v1.11.3
  registry.k8s.io/ingress-nginx/controller:v1.11.4:
    digest: sha256:981a97d78bee3109c0b149946c07989f8f1478a9265031d2d23dea839ba05b52
    target: registry.ddbuild.io/ci/nginx-datadog/mirror/registry.k8s.io/ingress-nginx/controller:v1.11.4
    tag: v1.11.4
  registry.k8s.io/ingress-nginx/controller:v1.11.5:
    digest: sha256:a1cbad75b0a7098bf9325132794dddf9eef917e8a7fe246749a4cea7ff6f01eb
    target: registry.ddbuild.io/ci/nginx-datadog/mirror/registry.k8s.io/ingress-nginx/controller:v1.11.5
    tag: v1.11.5
  registry.k8s.io/ingress-nginx/controller:v1.11.6:
    digest: sha256:4f04fad99f00e604ab488cf0945b4eaa2a93f603f97d2a45fc610ff0f3cad0f9
    target: registry.ddbuild.io/ci/nginx-datadog/mirror/registry.k8s.io/ingress-nginx/controller:v1.11.6
    tag: v1.11.6
  registry.k8s.io/ingress-nginx/controller:v1.11.7:
    digest: sha256:016a25cf89bf7f930869ccd7cb3dd4acbe106cd4da1419804951ef9c8636f053
    target: registry.ddbuild.io/ci/nginx-datadog/mirror/registry.k8s.io/ingress-nginx/controller:v1.11.7
    tag: v1.11.7
  registry.k8s.io/ingress-nginx/controller:v1.11.8:
    digest: sha256:695d79381ee6af00c7f5c9fd434f50851d7d32838ad5b2c507e416cf2084fc79
    target: registry.ddbuild.io/ci/nginx-datadog/mirror/registry.k8s.io/ingress-nginx/controller:v1.11.8
    tag: v1.11.8
  registry.k8s.io/ingress-nginx/controller:v1.12.0:
    digest: sha256:e6b8de175acda6ca913891f0f727bca4527e797d52688cbe9fec9040d6f6b6fa
    target: registry.ddbuild.io/ci/nginx-datadog/mirror/registry.k8s.io/ingress-nginx/controller:v1.12.0
    tag: v1.12.0
  registry.k8s.io/ingress-nginx/controller:v1.12.1:
    digest: sha256:d2fbc4ec70d8aa2050dd91a91506e998765e86c96f32cffb56c503c9c34eed5b
    target: registry.ddbuild.io/ci/nginx-datadog/mirror/registry.k8s.io/ingress-nginx/controller:v1.12.1
    tag: v1.12.1
  registry.k8s.io/ingress-nginx/controller:v1.12.2:
    digest: sha256:03497ee984628e95eca9b2279e3f3a3c1685dd48635479e627d219f00c8eefa9
    target: registry.ddbuild.io/ci/nginx-datadog/mirror/registry.k8s.io/ingress-nginx/controller:v1.12.2
    tag: v1.12.2
  registry.k8s.io/ingress-nginx/controller:v1.12.3:
    digest: sha256:ac444cd9515af325ba577b596fe4f27a34be1aa330538e8b317ad9d6c8fb94ee
    target: registry.ddbuild.io/ci/nginx-datadog/mirror/registry.k8s.io/ingress-nginx/controller:v1.12.3
    tag: v1.12.3
  registry.k8s.io/ingress-nginx/controller:v1.12.4:
    digest: sha256:05890cb25d37aa5cfe086614104f798f55e1eeec8dda26d9fd6f6acf0e1554a0
    target: registry.ddbuild.io/ci/nginx-datadog/mirror/registry.k8s.io/ingress-nginx/controller:v1.12.4
    tag: v1.12.4
  registry.k8s.io/ingress-nginx/controller:v1.12.5:
    digest: sha256:f4a204a39ce99e7d297c54b02e64e421d872675c5ee29ab1b6edb62d4d69be5c
    target: registry.ddbuild.io/ci/nginx-datadog/mirror/registry.k8s.io/ingress-nginx/controller:v1.12.5
    tag: v1.12.5
  registry.k8s.io/ingress-nginx/controller:v1.12.6:
    digest: sha256:c371fbf42b4f23584ce879d99303463131f4f31612f0875482b983354eeca7e6
    target: registry.ddbuild.io/ci/nginx-datadog/mirror/registry.k8s.io/ingress-nginx/controller:v1.12.6
    tag: v1.12.6
  registry.k8s.io/ingress-nginx/controller:v1.12.7:
    digest: sha256:6ca5f62d18ac6b2e57484ecde310dccd3079b545acecff01c4c71eb5fb222438
    target: registry.ddbuild.io/ci/nginx-datadog/mirror/registry.k8s.io/ingress-nginx/controller:v1.12.7
    tag: v1.12.7
  registry.k8s.io/ingress-nginx/controller:v1.12.8:
    digest: sha256:8f8343060688fb2a85752b7345a988d0d3c890d774e18e80b9e8730756e5b530
    target: registry.ddbuild.io/ci/nginx-datadog/mirror/registry.k8s.io/ingress-nginx/controller:v1.12.8
    tag: v1.12.8
  registry.k8s.io/ingress-nginx/controller:v1.13.0:
    digest: sha256:dc75a7baec7a3b827a5d7ab0acd10ab507904c7dad692365b3e3b596eca1afd2
    target: registry.ddbuild.io/ci/nginx-datadog/mirror/registry.k8s.io/ingress-nginx/controller:v1.13.0
    tag: v1.13.0
  registry.k8s.io/ingress-nginx/controller:v1.13.1:
    digest: sha256:37e489b22ac77576576e52e474941cd7754238438847c1ee795ad6d59c02b12a
    target: registry.ddbuild.io/ci/nginx-datadog/mirror/registry.k8s.io/ingress-nginx/controller:v1.13.1
    tag: v1.13.1
  registry.k8s.io/ingress-nginx/controller:v1.13.2:
    digest: sha256:1f7eaeb01933e719c8a9f4acd8181e555e582330c7d50f24484fb64d2ba9b2ef
    target: registry.ddbuild.io/ci/nginx-datadog/mirror/registry.k8s.io/ingress-nginx/controller:v1.13.2
    tag: v1.13.2
  registry.k8s.io/ingress-nginx/controller:v1.13.3:
    digest: sha256:1b044f6dcac3afbb59e05d98463f1dec6f3d3fb99940bc12ca5d80270358e3bd
    target: registry.ddbuild.io/ci/nginx-datadog/mirror/registry.k8s.io/ingress-nginx/controller:v1.13.3
    tag: v1.13.3
  registry.k8s.io/ingress-nginx/controller:v1.13.4:
    digest: sha256:4042ae3c512c5d7bcf9682b0fdff96cd7b46a23dcbe15a762349094cd8087be7
    target: registry.ddbuild.io/ci/nginx-datadog/mirror/registry.k8s.io/ingress-nginx/controller:v1.13.4
    tag: v1.13.4
  registry.k8s.io/ingress-nginx/controller:v1.13.5:
    digest: sha256:5b346855be6752fa2a40f91983fa35a0c004b41493f36be6068a3d4350e69db8
    target: registry.ddbuild.io/ci/nginx-datadog/mirror/registry.k8s.io/ingress-nginx/controller:v1.13.5
    tag: v1.13.5
  registry.k8s.io/ingress-nginx/controller:v1.13.6:
    digest: sha256:4b85724d716a545f38338cb99f0e07c83d16780adb0911e0e4d6218c7e5944a8
    target: registry.ddbuild.io/ci/nginx-datadog/mirror/registry.k8s.io/ingress-nginx/controller:v1.13.6
    tag: v1.13.6
  registry.k8s.io/ingress-nginx/controller:v1.13.7:
    digest: sha256:13db2f8aca4bb71ae7f727288620c4569b01bab4911b01fa3917995ff7755de8
    target: registry.ddbuild.io/ci/nginx-datadog/mirror/registry.k8s.io/ingress-nginx/controller:v1.13.7
    tag: v1.13.7
  registry.k8s.io/ingress-nginx/controller:v1.13.8:
    digest: sha256:0e7fad5de70f55c7f5fb61858be5ba6794d61091ad0874e963a61851e43edf99
    target: registry.ddbuild.io/ci/nginx-datadog/mirror/registry.k8s.io/ingress-nginx/controller:v1.13.8
    tag: v1.13.8
  registry.k8s.io/ingress-nginx/controller:v1.14.0:
    digest: sha256:e4127065d0317bd11dc64c4dd38dcf7fb1c3d72e468110b4086e636dbaac943d
    target: registry.ddbuild.io/ci/nginx-datadog/mirror/registry.k8s.io/ingress-nginx/controller:v1.14.0
    tag: v1.14.0
  registry.k8s.io/ingress-nginx/controller:v1.14.1:
    digest: sha256:f95a79b85fb93ac3de752c71a5c27d5ceae10a18b61904dec224c1c6a4581e47
    target: registry.ddbuild.io/ci/nginx-datadog/mirror/registry.k8s.io/ingress-nginx/controller:v1.14.1
    tag: v1.14.1
  registry.k8s.io/ingress-nginx/controller:v1.14.2:
    digest: sha256:fb3e5c0bdff6a498dd5192b11a09ace0739baa9fe6ba519bf5b22425871ce490
    target: registry.ddbuild.io/ci/nginx-datadog/mirror/registry.k8s.io/ingress-nginx/controller:v1.14.2
    tag: v1.14.2
  registry.k8s.io/ingress-nginx/controller:v1.14.3:
    digest: sha256:82917be97c0939f6ada1717bb39aa7e66c229d6cfb10dcfc8f1bd42f9efe0f81
    target: registry.ddbuild.io/ci/nginx-datadog/mirror/registry.k8s.io/ingress-nginx/controller:v1.14.3
    tag: v1.14.3
  registry.k8s.io/ingress-nginx/controller:v1.14.4:
    digest: sha256:f8c7959ed0cc0c1dd6060f291fc50ccaf27a5497d182bbb6bc4ffed943616f23
    target: registry.ddbuild.io/ci/nginx-datadog/mirror/registry.k8s.io/ingress-nginx/controller:v1.14.4
    tag: v1.14.4
  registry.k8s.io/ingress-nginx/controller:v1.15.0:
    digest: sha256:4eea9a4cc2cb6ddcb7da14d377aaf452e68bd3dbe87fe280755d225c4d5e7e4e
    target: registry.ddbuild.io/ci/nginx-datadog/mirror/registry.k8s.io/ingress-nginx/controller:v1.15.0
    tag: v1.15.0
